
Microsoft Visual Studio Solution File, Format Version 12.00
# Visual Studio 15
VisualStudioVersion = 15.0.28307.645
MinimumVisualStudioVersion = 10.0.40219.1
Project("{2150E333-8FDC-42A3-9474-1A3956D46DE8}") = "DataAccessLibraries", "DataAccessLibraries", "{7DEF4325-EFAE-413A-A98A-531136CB00E5}"
EndProject
Project("{9A19103F-16F7-4668-BE54-9A1E7A4F7556}") = "DataAccessSecurity", "DataAccessSecurity\DataAccessSecurity.csproj", "{D110B1CD-D18D-4A83-801E-09199205197B}"
EndProject
Project("{9A19103F-16F7-4668-BE54-9A1E7A4F7556}") = "DataAccessContracts", "DataAccessContracts\DataAccessContracts.csproj", "{5C5120B7-7A12-4DF7-9236-EE7F20355462}"
EndProject
Project("{2150E333-8FDC-42A3-9474-1A3956D46DE8}") = "Domain", "Domain", "{E3E9DD6A-1ACF-42AB-8D3C-DD7B7E994096}"
EndProject
Project("{9A19103F-16F7-4668-BE54-9A1E7A4F7556}") = "EntityLibrary", "EntityLibrary\EntityLibrary.csproj", "{045CA400-0EEE-4478-868C-49A10E9A7766}"
EndProject
Project("{2150E333-8FDC-42A3-9474-1A3956D46DE8}") = "Testers", "Testers", "{1D03E44E-F3F5-45C9-880C-69844C0D506A}"
EndProject
Project("{9A19103F-16F7-4668-BE54-9A1E7A4F7556}") = "LibraryTester", "LibraryTester\LibraryTester.csproj", "{24192D1D-FDF8-451C-8DEA-6BD4BA010885}"
EndProject
Project("{9A19103F-16F7-4668-BE54-9A1E7A4F7556}") = "LibraryTesterConsoleApp", "LibraryTesterConsoleApp\LibraryTesterConsoleApp.csproj", "{DF06E058-987A-4DA8-B83A-6C51633FCE65}"
EndProject
Project("{2150E333-8FDC-42A3-9474-1A3956D46DE8}") = "LogicLibraries", "LogicLibraries", "{F3962D9B-BA1E-4017-9D6D-C1FD471CE462}"
EndProject
Project("{FAE04EC0-301F-11D3-BF4B-00C04F79EFBC}") = "SecurityLogicLibrary", "SecurityLogicLibrary\SecurityLogicLibrary.csproj", "{21E42CE9-7D5D-43DD-B520-C646D1D94707}"
EndProject
Project("{FAE04EC0-301F-11D3-BF4B-00C04F79EFBC}") = "SecurityLogicLibraryContracts", "SecurityLogicLibraryContracts\SecurityLogicLibraryContracts.csproj", "{C8F371A7-521D-48C4-BC9E-ECFD003D0707}"
EndProject
Project("{FAE04EC0-301F-11D3-BF4B-00C04F79EFBC}") = "SecurityServicesContracts", "SecurityServicesContracts\SecurityServicesContracts.csproj", "{F4284040-3025-4DE4-BA65-B64128209AAA}"
EndProject
Global
	GlobalSection(SolutionConfigurationPlatforms) = preSolution
		Debug|Any CPU = Debug|Any CPU
		Release|Any CPU = Release|Any CPU
	EndGlobalSection
	GlobalSection(ProjectConfigurationPlatforms) = postSolution
		{D110B1CD-D18D-4A83-801E-09199205197B}.Debug|Any CPU.ActiveCfg = Debug|Any CPU
		{D110B1CD-D18D-4A83-801E-09199205197B}.Debug|Any CPU.Build.0 = Debug|Any CPU
		{D110B1CD-D18D-4A83-801E-09199205197B}.Release|Any CPU.ActiveCfg = Release|Any CPU
		{D110B1CD-D18D-4A83-801E-09199205197B}.Release|Any CPU.Build.0 = Release|Any CPU
		{5C5120B7-7A12-4DF7-9236-EE7F20355462}.Debug|Any CPU.ActiveCfg = Debug|Any CPU
		{5C5120B7-7A12-4DF7-9236-EE7F20355462}.Debug|Any CPU.Build.0 = Debug|Any CPU
		{5C5120B7-7A12-4DF7-9236-EE7F20355462}.Release|Any CPU.ActiveCfg = Release|Any CPU
		{5C5120B7-7A12-4DF7-9236-EE7F20355462}.Release|Any CPU.Build.0 = Release|Any CPU
		{045CA400-0EEE-4478-868C-49A10E9A7766}.Debug|Any CPU.ActiveCfg = Debug|Any CPU
		{045CA400-0EEE-4478-868C-49A10E9A7766}.Debug|Any CPU.Build.0 = Debug|Any CPU
		{045CA400-0EEE-4478-868C-49A10E9A7766}.Release|Any CPU.ActiveCfg = Release|Any CPU
		{045CA400-0EEE-4478-868C-49A10E9A7766}.Release|Any CPU.Build.0 = Release|Any CPU
		{24192D1D-FDF8-451C-8DEA-6BD4BA010885}.Debug|Any CPU.ActiveCfg = Debug|Any CPU
		{24192D1D-FDF8-451C-8DEA-6BD4BA010885}.Debug|Any CPU.Build.0 = Debug|Any CPU
		{24192D1D-FDF8-451C-8DEA-6BD4BA010885}.Release|Any CPU.ActiveCfg = Release|Any CPU
		{24192D1D-FDF8-451C-8DEA-6BD4BA010885}.Release|Any CPU.Build.0 = Release|Any CPU
		{DF06E058-987A-4DA8-B83A-6C51633FCE65}.Debug|Any CPU.ActiveCfg = Debug|Any CPU
		{DF06E058-987A-4DA8-B83A-6C51633FCE65}.Debug|Any CPU.Build.0 = Debug|Any CPU
		{DF06E058-987A-4DA8-B83A-6C51633FCE65}.Release|Any CPU.ActiveCfg = Release|Any CPU
		{DF06E058-987A-4DA8-B83A-6C51633FCE65}.Release|Any CPU.Build.0 = Release|Any CPU
		{21E42CE9-7D5D-43DD-B520-C646D1D94707}.Debug|Any CPU.ActiveCfg = Debug|Any CPU
		{21E42CE9-7D5D-43DD-B520-C646D1D94707}.Debug|Any CPU.Build.0 = Debug|Any CPU
		{21E42CE9-7D5D-43DD-B520-C646D1D94707}.Release|Any CPU.ActiveCfg = Release|Any CPU
		{21E42CE9-7D5D-43DD-B520-C646D1D94707}.Release|Any CPU.Build.0 = Release|Any CPU
		{C8F371A7-521D-48C4-BC9E-ECFD003D0707}.Debug|Any CPU.ActiveCfg = Debug|Any CPU
		{C8F371A7-521D-48C4-BC9E-ECFD003D0707}.Debug|Any CPU.Build.0 = Debug|Any CPU
		{C8F371A7-521D-48C4-BC9E-ECFD003D0707}.Release|Any CPU.ActiveCfg = Release|Any CPU
		{C8F371A7-521D-48C4-BC9E-ECFD003D0707}.Release|Any CPU.Build.0 = Release|Any CPU
		{F4284040-3025-4DE4-BA65-B64128209AAA}.Debug|Any CPU.ActiveCfg = Debug|Any CPU
		{F4284040-3025-4DE4-BA65-B64128209AAA}.Debug|Any CPU.Build.0 = Debug|Any CPU
		{F4284040-3025-4DE4-BA65-B64128209AAA}.Release|Any CPU.ActiveCfg = Release|Any CPU
		{F4284040-3025-4DE4-BA65-B64128209AAA}.Release|Any CPU.Build.0 = Release|Any CPU
	EndGlobalSection
	GlobalSection(SolutionProperties) = preSolution
		HideSolutionNode = FALSE
	EndGlobalSection
	GlobalSection(NestedProjects) = preSolution
		{D110B1CD-D18D-4A83-801E-09199205197B} = {7DEF4325-EFAE-413A-A98A-531136CB00E5}
		{5C5120B7-7A12-4DF7-9236-EE7F20355462} = {7DEF4325-EFAE-413A-A98A-531136CB00E5}
		{045CA400-0EEE-4478-868C-49A10E9A7766} = {E3E9DD6A-1ACF-42AB-8D3C-DD7B7E994096}
		{24192D1D-FDF8-451C-8DEA-6BD4BA010885} = {1D03E44E-F3F5-45C9-880C-69844C0D506A}
		{DF06E058-987A-4DA8-B83A-6C51633FCE65} = {1D03E44E-F3F5-45C9-880C-69844C0D506A}
		{21E42CE9-7D5D-43DD-B520-C646D1D94707} = {F3962D9B-BA1E-4017-9D6D-C1FD471CE462}
		{C8F371A7-521D-48C4-BC9E-ECFD003D0707} = {F3962D9B-BA1E-4017-9D6D-C1FD471CE462}
		{F4284040-3025-4DE4-BA65-B64128209AAA} = {F3962D9B-BA1E-4017-9D6D-C1FD471CE462}
	EndGlobalSection
	GlobalSection(ExtensibilityGlobals) = postSolution
		SolutionGuid = {F3C77D69-E69D-4F60-B443-43071F944136}
	EndGlobalSection
EndGlobal
